
Microsoft Visual Studio Solution File, Format Version 12.00
# Visual Studio Version 17
VisualStudioVersion = 17.3.32901.215
MinimumVisualStudioVersion = 10.0.40219.1
Project("{FAE04EC0-301F-11D3-BF4B-00C04F79EFBC}") = "ConsoleApp1", "ConsoleApp1\ConsoleApp1.csproj", "{D8484D7B-6584-44F4-B93D-05BCF8254BEE}"
EndProject
Global
	GlobalSection(SolutionConfigurationPlatforms) = preSolution
		Debug|Any CPU = Debug|Any CPU
		Release|Any CPU = Release|Any CPU
	EndGlobalSection
	GlobalSection(ProjectConfigurationPlatforms) = postSolution
		{D8484D7B-6584-44F4-B93D-05BCF8254BEE}.Debug|Any CPU.ActiveCfg = Debug|Any CPU
		{D8484D7B-6584-44F4-B93D-05BCF8254BEE}.Debug|Any CPU.Build.0 = Debug|Any CPU
		{D8484D7B-6584-44F4-B93D-05BCF8254BEE}.Release|Any CPU.ActiveCfg = Release|Any CPU
		{D8484D7B-6584-44F4-B93D-05BCF8254BEE}.Release|Any CPU.Build.0 = Release|Any CPU
	EndGlobalSection
	GlobalSection(SolutionProperties) = preSolution
		HideSolutionNode = FALSE
	EndGlobalSection
	GlobalSection(ExtensibilityGlobals) = postSolution
		SolutionGuid = {06632EAA-E006-41B2-99F4-2840CAF423D4}
	EndGlobalSection
EndGlobal
