
Microsoft Visual Studio Solution File, Format Version 12.00
# Visual Studio Version 17
VisualStudioVersion = 17.3.32901.215
MinimumVisualStudioVersion = 10.0.40219.1
Project("{FAE04EC0-301F-11D3-BF4B-00C04F79EFBC}") = "ConsoleApp1", "ConsoleApp1\ConsoleApp1.csproj", "{13B47B7F-E0BD-4D8A-A810-94805924BA55}"
EndProject
Global
	GlobalSection(SolutionConfigurationPlatforms) = preSolution
		Debug|Any CPU = Debug|Any CPU
		Release|Any CPU = Release|Any CPU
	EndGlobalSection
	GlobalSection(ProjectConfigurationPlatforms) = postSolution
		{13B47B7F-E0BD-4D8A-A810-94805924BA55}.Debug|Any CPU.ActiveCfg = Debug|Any CPU
		{13B47B7F-E0BD-4D8A-A810-94805924BA55}.Debug|Any CPU.Build.0 = Debug|Any CPU
		{13B47B7F-E0BD-4D8A-A810-94805924BA55}.Release|Any CPU.ActiveCfg = Release|Any CPU
		{13B47B7F-E0BD-4D8A-A810-94805924BA55}.Release|Any CPU.Build.0 = Release|Any CPU
	EndGlobalSection
	GlobalSection(SolutionProperties) = preSolution
		HideSolutionNode = FALSE
	EndGlobalSection
	GlobalSection(ExtensibilityGlobals) = postSolution
		SolutionGuid = {D1E7B6AD-B713-4238-8CAA-789612ECC976}
	EndGlobalSection
EndGlobal
